
Microsoft Visual Studio Solution File, Format Version 12.00
# Visual Studio 2013
VisualStudioVersion = 12.0.21005.1
MinimumVisualStudioVersion = 10.0.40219.1
Project("{8BC9CEB8-8B4A-11D0-8D11-00A0C91BC942}") = "HardInfoDLL", "HardInfoDLL\HardInfoDLL.vcxproj", "{CE498B0E-44C1-42A8-8DFC-58C0592C3DAC}"
EndProject
Project("{8BC9CEB8-8B4A-11D0-8D11-00A0C91BC942}") = "HardInfoActiveX", "HardInfoActiveX\HardInfoActiveX.vcxproj", "{126BA795-AD4D-47DE-8D93-44692123E415}"
EndProject
Project("{8BC9CEB8-8B4A-11D0-8D11-00A0C91BC942}") = "HardInfoTest", "HardInfoTest\HardInfoTest.vcxproj", "{D37191C7-13B5-4398-9124-71ACA63AF25B}"
	ProjectSection(ProjectDependencies) = postProject
		{CE498B0E-44C1-42A8-8DFC-58C0592C3DAC} = {CE498B0E-44C1-42A8-8DFC-58C0592C3DAC}
	EndProjectSection
EndProject
Project("{8BC9CEB8-8B4A-11D0-8D11-00A0C91BC942}") = "HardInfoSO (Linux)", "HardInfoSO\HardInfoSO.vcxproj", "{4DE344C0-CF59-4B22-B1A0-D8FD1D981C66}"
EndProject
Project("{2150E333-8FDC-42A3-9474-1A3956D46DE8}") = "HardInfoActiveX Test", "HardInfoActiveX Test", "{30390430-0EF6-46D1-A6ED-3E5FDC7D2AB3}"
	ProjectSection(SolutionItems) = preProject
		HardInfoAcitveXTest.html = HardInfoAcitveXTest.html
	EndProjectSection
EndProject
Global
	GlobalSection(SolutionConfigurationPlatforms) = preSolution
		Debug|Win32 = Debug|Win32
		Release|Win32 = Release|Win32
	EndGlobalSection
	GlobalSection(ProjectConfigurationPlatforms) = postSolution
		{CE498B0E-44C1-42A8-8DFC-58C0592C3DAC}.Debug|Win32.ActiveCfg = Debug|Win32
		{CE498B0E-44C1-42A8-8DFC-58C0592C3DAC}.Debug|Win32.Build.0 = Debug|Win32
		{CE498B0E-44C1-42A8-8DFC-58C0592C3DAC}.Release|Win32.ActiveCfg = Release|Win32
		{CE498B0E-44C1-42A8-8DFC-58C0592C3DAC}.Release|Win32.Build.0 = Release|Win32
		{126BA795-AD4D-47DE-8D93-44692123E415}.Debug|Win32.ActiveCfg = Debug|Win32
		{126BA795-AD4D-47DE-8D93-44692123E415}.Debug|Win32.Build.0 = Debug|Win32
		{126BA795-AD4D-47DE-8D93-44692123E415}.Release|Win32.ActiveCfg = Release|Win32
		{126BA795-AD4D-47DE-8D93-44692123E415}.Release|Win32.Build.0 = Release|Win32
		{D37191C7-13B5-4398-9124-71ACA63AF25B}.Debug|Win32.ActiveCfg = Debug|Win32
		{D37191C7-13B5-4398-9124-71ACA63AF25B}.Debug|Win32.Build.0 = Debug|Win32
		{D37191C7-13B5-4398-9124-71ACA63AF25B}.Release|Win32.ActiveCfg = Release|Win32
		{D37191C7-13B5-4398-9124-71ACA63AF25B}.Release|Win32.Build.0 = Release|Win32
		{4DE344C0-CF59-4B22-B1A0-D8FD1D981C66}.Debug|Win32.ActiveCfg = Debug|Win32
		{4DE344C0-CF59-4B22-B1A0-D8FD1D981C66}.Debug|Win32.Build.0 = Debug|Win32
		{4DE344C0-CF59-4B22-B1A0-D8FD1D981C66}.Release|Win32.ActiveCfg = Release|Win32
		{4DE344C0-CF59-4B22-B1A0-D8FD1D981C66}.Release|Win32.Build.0 = Release|Win32
	EndGlobalSection
	GlobalSection(SolutionProperties) = preSolution
		HideSolutionNode = FALSE
	EndGlobalSection
EndGlobal
